[[package]]
category = "dev"
description = "Atomic file writes."
name = "atomicwrites"
optional = false
python-versions = ">=2.7, !=3.0.*, !=3.1.*, !=3.2.*, !=3.3.*"
version = "1.3.0"

[[package]]
category = "dev"
description = "Classes Without Boilerplate"
name = "attrs"
optional = false
python-versions = "*"
version = "18.2.0"

[[package]]
category = "dev"
description = "Cross-platform colored terminal text."
marker = "sys_platform == \"win32\""
name = "colorama"
optional = false
python-versions = ">=2.7, !=3.0.*, !=3.1.*, !=3.2.*, !=3.3.*"
version = "0.4.1"

[[package]]
category = "dev"
description = "More routines for operating on iterables, beyond itertools"
marker = "python_version > \"2.7\""
name = "more-itertools"
optional = false
python-versions = "*"
version = "5.0.0"

[package.dependencies]
six = ">=1.0.0,<2.0.0"

[[package]]
category = "main"
description = "NumPy is the fundamental package for array computing with Python."
name = "numpy"
optional = false
python-versions = ">=2.7,!=3.0.*,!=3.1.*,!=3.2.*,!=3.3.*"
version = "1.16.3"

[[package]]
category = "dev"
description = "plugin and hook calling mechanisms for python"
name = "pluggy"
optional = false
python-versions = ">=2.7, !=3.0.*, !=3.1.*, !=3.2.*, !=3.3.*"
version = "0.9.0"

[[package]]
category = "dev"
description = "library with cross-python path, ini-parsing, io, code, log facilities"
name = "py"
optional = false
python-versions = ">=2.7, !=3.0.*, !=3.1.*, !=3.2.*, !=3.3.*"
version = "1.7.0"

[[package]]
category = "dev"
description = "Get CPU info with pure Python 2 & 3"
name = "py-cpuinfo"
optional = false
python-versions = "*"
version = "4.0.0"

[[package]]
category = "dev"
description = "pytest: simple powerful testing with Python"
name = "pytest"
optional = false
python-versions = ">=2.7, !=3.0.*, !=3.1.*, !=3.2.*, !=3.3.*"
version = "4.4.1"

[package.dependencies]
atomicwrites = ">=1.0"
attrs = ">=17.4.0"
colorama = "*"
pluggy = ">=0.9"
py = ">=1.5.0"
setuptools = "*"
six = ">=1.10.0"

[package.dependencies.more-itertools]
python = ">=2.8"
version = ">=4.0.0"

[[package]]
category = "dev"
description = "A ``py.test`` fixture for benchmarking code. It will group the tests into rounds that are calibrated to the chosen timer. See calibration_ and FAQ_."
name = "pytest-benchmark"
optional = false
python-versions = "*"
version = "3.2.2"

[package.dependencies]
py-cpuinfo = "*"
pytest = ">=3.8"

[[package]]
category = "dev"
description = "Python 2 and 3 compatibility utilities"
name = "six"
optional = false
python-versions = ">=2.6, !=3.0.*, !=3.1.*"
version = "1.12.0"

[metadata]
content-hash = "8c47d294c18f5b7ff8d05ae6a2b72fe82eee7199dca1e906f3f6dca859693828"
python-versions = "^3.6"

[metadata.hashes]
atomicwrites = ["03472c30eb2c5d1ba9227e4c2ca66ab8287fbfbbda3888aa93dc2e28fc6811b4", "75a9445bac02d8d058d5e1fe689654ba5a6556a1dfd8ce6ec55a0ed79866cfa6"]
attrs = ["10cbf6e27dbce8c30807caf056c8eb50917e0eaafe86347671b57254006c3e69", "ca4be454458f9dec299268d472aaa5a11f67a4ff70093396e1ceae9c76cf4bbb"]
colorama = ["05eed71e2e327246ad6b38c540c4a3117230b19679b875190486ddd2d721422d", "f8ac84de7840f5b9c4e3347b3c1eaa50f7e49c2b07596221daec5edaabbd7c48"]
more-itertools = ["38a936c0a6d98a38bcc2d03fdaaedaba9f412879461dd2ceff8d37564d6522e4", "c0a5785b1109a6bd7fac76d6837fd1feca158e54e521ccd2ae8bfe393cc9d4fc", "fe7a7cae1ccb57d33952113ff4fa1bc5f879963600ed74918f1236e212ee50b9"]
numpy = ["0e2eed77804b2a6a88741f8fcac02c5499bba3953ec9c71e8b217fad4912c56c", "1c666f04553ef70fda54adf097dbae7080645435fc273e2397f26bbf1d127bbb", "1f46532afa7b2903bfb1b79becca2954c0a04389d19e03dc73f06b039048ac40", "315fa1b1dfc16ae0f03f8fd1c55f23fd15368710f641d570236f3d78af55e340", "3d5fcea4f5ed40c3280791d54da3ad2ecf896f4c87c877b113576b8280c59441", "48241759b99d60aba63b0e590332c600fc4b46ad597c9b0a53f350b871ef0634", "4b4f2924b36d857cf302aec369caac61e43500c17eeef0d7baacad1084c0ee84", "54fe3b7ed9e7eb928bbc4318f954d133851865f062fa4bbb02ef8940bc67b5d2", "5a8f021c70e6206c317974c93eaaf9bc2b56295b6b1cacccf88846e44a1f33fc", "754a6be26d938e6ca91942804eb209307b73f806a1721176278a6038869a1686", "771147e654e8b95eea1293174a94f34e2e77d5729ad44aefb62fbf8a79747a15", "78a6f89da87eeb48014ec652a65c4ffde370c036d780a995edaeb121d3625621", "7fde5c2a3a682a9e101e61d97696687ebdba47637611378b4127fe7e47fdf2bf", "80d99399c97f646e873dd8ce87c38cfdbb668956bbc39bc1e6cac4b515bba2a0", "88a72c1e45a0ae24d1f249a529d9f71fe82e6fa6a3fd61414b829396ec585900", "a4f4460877a16ac73302a9c077ca545498d9fe64e6a81398d8e1a67e4695e3df", "a61255a765b3ac73ee4b110b28fccfbf758c985677f526c2b4b39c48cc4b509d", "ab4896a8c910b9a04c0142871d8800c76c8a2e5ff44763513e1dd9d9631ce897", "abbd6b1c2ef6199f4b7ca9f818eb6b31f17b73a6110aadc4e4298c3f00fab24e", "b16d88da290334e33ea992c56492326ea3b06233a00a1855414360b77ca72f26", "b78a1defedb0e8f6ae1eb55fa6ac74ab42acc4569c3a2eacc2a407ee5d42ebcb", "cfef82c43b8b29ca436560d51b2251d5117818a8d1fb74a8384a83c096745dad", "d160e57731fcdec2beda807ebcabf39823c47e9409485b5a3a1db3a8c6ce763e"]
pluggy = ["19ecf9ce9db2fce065a7a0586e07cfb4ac8614fe96edf628a264b1c70116cf8f", "84d306a647cc805219916e62aab89caa97a33a1dd8c342e87a37f91073cd4746"]
py = ["bf92637198836372b520efcba9e020c330123be8ce527e535d185ed4b6f45694", "e76826342cefe3c3d5f7e8ee4316b80d1dd8a300781612ddbc765c17ba25a6c6"]
py-cpuinfo = ["6615d4527118d4ea1db4d86dac4340725b3906aa04bf36b7902f7af4425fb25f"]
pytest = ["3773f4c235918987d51daf1db66d51c99fac654c81d6f2f709a046ab446d5e5d", "b7802283b70ca24d7119b32915efa7c409982f59913c1a6c0640aacf118b95f5"]
pytest-benchmark = ["4512c6805318d07926efcb3b39f7b98a10d035305a93edfd5329c86cbf9cfbf7", "ab851115ce022639173b9497d4a4183a1d8fe9cdcf8fab9d8a57607008aedd3d"]
six = ["3350809f0555b11f552448330d0b52d5f24c91a322ea4a15ef22629740f3761c", "d16a0141ec1a18405cd4ce8b4613101da75da0e9a7aec5bdd4fa804d0e0eba73"]
